// !$*UTF8*$!
{
	archiveVersion = 1;
	classes = {
	};
	objectVersion = 55;
	objects = {

/* Begin PBXBuildFile section */
		A25E9F7D273FB924007B8DD1 /* AppDelegate.swift in Sources */ = {isa = PBXBuildFile; fileRef = A25E9F7C273FB924007B8DD1 /* AppDelegate.swift */; };
		A25E9F7F273FB924007B8DD1 /* SceneDelegate.swift in Sources */ = {isa = PBXBuildFile; fileRef = A25E9F7E273FB924007B8DD1 /* SceneDelegate.swift */; };
		A25E9F81273FB924007B8DD1 /* ViewController.swift in Sources */ = {isa = PBXBuildFile; fileRef = A25E9F80273FB924007B8DD1 /* ViewController.swift */; };
		A25E9F84273FB924007B8DD1 /* Main.storyboard in Resources */ = {isa = PBXBuildFile; fileRef = A25E9F82273FB924007B8DD1 /* Main.storyboard */; };
		A25E9F86273FB928007B8DD1 /* Assets.xcassets in Resources */ = {isa = PBXBuildFile; fileRef = A25E9F85273FB928007B8DD1 /* Assets.xcassets */; };
		A25E9F89273FB928007B8DD1 /* LaunchScreen.storyboard in Resources */ = {isa = PBXBuildFile; fileRef = A25E9F87273FB928007B8DD1 /* LaunchScreen.storyboard */; };
		A2FA061C27429D3700004EF8 /* AppearanceViewController.swift in Sources */ = {isa = PBXBuildFile; fileRef = A2FA061B27429D3700004EF8 /* AppearanceViewController.swift */; };
		A2FA061E2742A13A00004EF8 /* InfoViewController.swift in Sources */ = {isa = PBXBuildFile; fileRef = A2FA061D2742A13A00004EF8 /* InfoViewController.swift */; };
		A2FA06202742EBA400004EF8 /* MoreInfoViewController.swift in Sources */ = {isa = PBXBuildFile; fileRef = A2FA061F2742EBA400004EF8 /* MoreInfoViewController.swift */; };
/* End PBXBuildFile section */

/* Begin PBXFileReference section */
		A25E9F79273FB924007B8DD1 /* WeekDayFinder.app */ = {isa = PBXFileReference; explicitFileType = wrapper.application; includeInIndex = 0; path = WeekDayFinder.app; sourceTree = BUILT_PRODUCTS_DIR; };
		A25E9F7C273FB924007B8DD1 /* AppDelegate.swift */ = {isa = PBXFileReference; lastKnownFileType = sourcecode.swift; path = AppDelegate.swift; sourceTree = "<group>"; };
		A25E9F7E273FB924007B8DD1 /* SceneDelegate.swift */ = {isa = PBXFileReference; lastKnownFileType = sourcecode.swift; path = SceneDelegate.swift; sourceTree = "<group>"; };
		A25E9F80273FB924007B8DD1 /* ViewController.swift */ = {isa = PBXFileReference; lastKnownFileType = sourcecode.swift; path = ViewController.swift; sourceTree = "<group>"; };
		A25E9F83273FB924007B8DD1 /* Base */ = {isa = PBXFileReference; lastKnownFileType = file.storyboard; name = Base; path = Base.lproj/Main.storyboard; sourceTree = "<group>"; };
		A25E9F85273FB928007B8DD1 /* Assets.xcassets */ = {isa = PBXFileReference; lastKnownFileType = folder.assetcatalog; path = Assets.xcassets; sourceTree = "<group>"; };
		A25E9F88273FB928007B8DD1 /* Base */ = {isa = PBXFileReference; lastKnownFileType = file.storyboard; name = Base; path = Base.lproj/LaunchScreen.storyboard; sourceTree = "<group>"; };
		A25E9F8A273FB928007B8DD1 /* Info.plist */ = {isa = PBXFileReference; lastKnownFileType = text.plist.xml; path = Info.plist; sourceTree = "<group>"; };
		A2FA061B27429D3700004EF8 /* AppearanceViewController.swift */ = {isa = PBXFileReference; lastKnownFileType = sourcecode.swift; path = AppearanceViewController.swift; sourceTree = "<group>"; };
		A2FA061D2742A13A00004EF8 /* InfoViewController.swift */ = {isa = PBXFileReference; lastKnownFileType = sourcecode.swift; path = InfoViewController.swift; sourceTree = "<group>"; };
		A2FA061F2742EBA400004EF8 /* MoreInfoViewController.swift */ = {isa = PBXFileReference; lastKnownFileType = sourcecode.swift; path = MoreInfoViewController.swift; sourceTree = "<group>"; };
/* End PBXFileReference section */

/* Begin PBXFrameworksBuildPhase section */
		A25E9F76273FB924007B8DD1 /* Frameworks */ = {
			isa = PBXFrameworksBuildPhase;
			buildActionMask = 2147483647;
			files = (
			);
			runOnlyForDeploymentPostprocessing = 0;
		};
/* End PBXFrameworksBuildPhase section */

/* Begin PBXGroup section */
		A25E9F70273FB924007B8DD1 = {
			isa = PBXGroup;
			children = (
				A25E9F7B273FB924007B8DD1 /* WeekDayFinder */,
				A25E9F7A273FB924007B8DD1 /* Products */,
			);
			sourceTree = "<group>";
		};
		A25E9F7A273FB924007B8DD1 /* Products */ = {
			isa = PBXGroup;
			children = (
				A25E9F79273FB924007B8DD1 /* WeekDayFinder.app */,
			);
			name = Products;
			sourceTree = "<group>";
		};
		A25E9F7B273FB924007B8DD1 /* WeekDayFinder */ = {
			isa = PBXGroup;
			children = (
				A2FA061827429C0000004EF8 /* Delegate */,
				A2FA061927429C1400004EF8 /* Controllers */,
				A2FA061A27429C2900004EF8 /* Views */,
				A25E9F85273FB928007B8DD1 /* Assets.xcassets */,
				A25E9F8A273FB928007B8DD1 /* Info.plist */,
			);
			path = WeekDayFinder;
			sourceTree = "<group>";
		};
		A2FA061827429C0000004EF8 /* Delegate */ = {
			isa = PBXGroup;
			children = (
				A25E9F7C273FB924007B8DD1 /* AppDelegate.swift */,
				A25E9F7E273FB924007B8DD1 /* SceneDelegate.swift */,
			);
			path = Delegate;
			sourceTree = "<group>";
		};
		A2FA061927429C1400004EF8 /* Controllers */ = {
			isa = PBXGroup;
			children = (
				A25E9F80273FB924007B8DD1 /* ViewController.swift */,
				A2FA061F2742EBA400004EF8 /* MoreInfoViewController.swift */,
				A2FA061D2742A13A00004EF8 /* InfoViewController.swift */,
				A2FA061B27429D3700004EF8 /* AppearanceViewController.swift */,
			);
			path = Controllers;
			sourceTree = "<group>";
		};
		A2FA061A27429C2900004EF8 /* Views */ = {
			isa = PBXGroup;
			children = (
				A25E9F82273FB924007B8DD1 /* Main.storyboard */,
				A25E9F87273FB928007B8DD1 /* LaunchScreen.storyboard */,
			);
			path = Views;
			sourceTree = "<group>";
		};
/* End PBXGroup section */

/* Begin PBXNativeTarget section */
		A25E9F78273FB924007B8DD1 /* WeekDayFinder */ = {
			isa = PBXNativeTarget;
			buildConfigurationList = A25E9F8D273FB928007B8DD1 /* Build configuration list for PBXNativeTarget "WeekDayFinder" */;
			buildPhases = (
				A25E9F75273FB924007B8DD1 /* Sources */,
				A25E9F76273FB924007B8DD1 /* Frameworks */,
				A25E9F77273FB924007B8DD1 /* Resources */,
			);
			buildRules = (
			);
			dependencies = (
			);
			name = WeekDayFinder;
			productName = WeekDayFinder;
			productReference = A25E9F79273FB924007B8DD1 /* WeekDayFinder.app */;
			productType = "com.apple.product-type.application";
		};
/* End PBXNativeTarget section */

/* Begin PBXProject section */
		A25E9F71273FB924007B8DD1 /* Project object */ = {
			isa = PBXProject;
			attributes = {
				BuildIndependentTargetsInParallel = 1;
				LastSwiftUpdateCheck = 1310;
				LastUpgradeCheck = 1310;
				TargetAttributes = {
					A25E9F78273FB924007B8DD1 = {
						CreatedOnToolsVersion = 13.1;
					};
				};
			};
			buildConfigurationList = A25E9F74273FB924007B8DD1 /* Build configuration list for PBXProject "WeekDayFinder" */;
			compatibilityVersion = "Xcode 13.0";
			developmentRegion = en;
			hasScannedForEncodings = 0;
			knownRegions = (
				en,
				Base,
			);
			mainGroup = A25E9F70273FB924007B8DD1;
			productRefGroup = A25E9F7A273FB924007B8DD1 /* Products */;
			projectDirPath = "";
			projectRoot = "";
			targets = (
				A25E9F78273FB924007B8DD1 /* WeekDayFinder */,
			);
		};
/* End PBXProject section */

/* Begin PBXResourcesBuildPhase section */
		A25E9F77273FB924007B8DD1 /* Resources */ = {
			isa = PBXResourcesBuildPhase;
			buildActionMask = 2147483647;
			files = (
				A25E9F89273FB928007B8DD1 /* LaunchScreen.storyboard in Resources */,
				A25E9F86273FB928007B8DD1 /* Assets.xcassets in Resources */,
				A25E9F84273FB924007B8DD1 /* Main.storyboard in Resources */,
			);
			runOnlyForDeploymentPostprocessing = 0;
		};
/* End PBXResourcesBuildPhase section */

/* Begin PBXSourcesBuildPhase section */
		A25E9F75273FB924007B8DD1 /* Sources */ = {
			isa = PBXSourcesBuildPhase;
			buildActionMask = 2147483647;
			files = (
				A2FA061C27429D3700004EF8 /* AppearanceViewController.swift in Sources */,
				A25E9F81273FB924007B8DD1 /* ViewController.swift in Sources */,
				A25E9F7D273FB924007B8DD1 /* AppDelegate.swift in Sources */,
				A2FA06202742EBA400004EF8 /* MoreInfoViewController.swift in Sources */,
				A25E9F7F273FB924007B8DD1 /* SceneDelegate.swift in Sources */,
				A2FA061E2742A13A00004EF8 /* InfoViewController.swift in Sources */,
			);
			runOnlyForDeploymentPostprocessing = 0;
		};
/* End PBXSourcesBuildPhase section */

/* Begin PBXVariantGroup section */
		A25E9F82273FB924007B8DD1 /* Main.storyboard */ = {
			isa = PBXVariantGroup;
			children = (
				A25E9F83273FB924007B8DD1 /* Base */,
			);
			name = Main.storyboard;
			sourceTree = "<group>";
		};
		A25E9F87273FB928007B8DD1 /* LaunchScreen.storyboard */ = {
			isa = PBXVariantGroup;
			children = (
				A25E9F88273FB928007B8DD1 /* Base */,
			);
			name = LaunchScreen.storyboard;
			sourceTree = "<group>";
		};
/* End PBXVariantGroup section */

/* Begin XCBuildConfiguration section */
		A25E9F8B273FB928007B8DD1 /* Debug */ = {
			isa = XCBuildConfiguration;
			buildSettings = {
				ALWAYS_SEARCH_USER_PATHS = NO;
				CLANG_ANALYZER_NONNULL = YES;
				CLANG_ANALYZER_NUMBER_OBJECT_CONVERSION = YES_AGGRESSIVE;
				CLANG_CXX_LANGUAGE_STANDARD = "gnu++17";
				CLANG_CXX_LIBRARY = "libc++";
				CLANG_ENABLE_MODULES = YES;
				CLANG_ENABLE_OBJC_ARC = YES;
				CLANG_ENABLE_OBJC_WEAK = YES;
				CLANG_WARN_BLOCK_CAPTURE_AUTORELEASING = YES;
				CLANG_WARN_BOOL_CONVERSION = YES;
				CLANG_WARN_COMMA = YES;
				CLANG_WARN_CONSTANT_CONVERSION = YES;
				CLANG_WARN_DEPRECATED_OBJC_IMPLEMENTATIONS = YES;
				CLANG_WARN_DIRECT_OBJC_ISA_USAGE = YES_ERROR;
				CLANG_WARN_DOCUMENTATION_COMMENTS = YES;
				CLANG_WARN_EMPTY_BODY = YES;
				CLANG_WARN_ENUM_CONVERSION = YES;
				CLANG_WARN_INFINITE_RECURSION = YES;
				CLANG_WARN_INT_CONVERSION = YES;
				CLANG_WARN_NON_LITERAL_NULL_CONVERSION = YES;
				CLANG_WARN_OBJC_IMPLICIT_RETAIN_SELF = YES;
				CLANG_WARN_OBJC_LITERAL_CONVERSION = YES;
				CLANG_WARN_OBJC_ROOT_CLASS = YES_ERROR;
				CLANG_WARN_QUOTED_INCLUDE_IN_FRAMEWORK_HEADER = YES;
				CLANG_WARN_RANGE_LOOP_ANALYSIS = YES;
				CLANG_WARN_STRICT_PROTOTYPES = YES;
				CLANG_WARN_SUSPICIOUS_MOVE = YES;
				CLANG_WARN_UNGUARDED_AVAILABILITY = YES_AGGRESSIVE;
				CLANG_WARN_UNREACHABLE_CODE = YES;
				CLANG_WARN__DUPLICATE_METHOD_MATCH = YES;
				COPY_PHASE_STRIP = NO;
				DEBUG_INFORMATION_FORMAT = dwarf;
				ENABLE_STRICT_OBJC_MSGSEND = YES;
				ENABLE_TESTABILITY = YES;
				GCC_C_LANGUAGE_STANDARD = gnu11;
				GCC_DYNAMIC_NO_PIC = NO;
				GCC_NO_COMMON_BLOCKS = YES;
				GCC_OPTIMIZATION_LEVEL = 0;
				GCC_PREPROCESSOR_DEFINITIONS = (
					"DEBUG=1",
					"$(inherited)",
				);
				GCC_WARN_64_TO_32_BIT_CONVERSION = YES;
				GCC_WARN_ABOUT_RETURN_TYPE = YES_ERROR;
				GCC_WARN_UNDECLARED_SELECTOR = YES;
				GCC_WARN_UNINITIALIZED_AUTOS = YES_AGGRESSIVE;
				GCC_WARN_UNUSED_FUNCTION = YES;
				GCC_WARN_UNUSED_VARIABLE = YES;
				IPHONEOS_DEPLOYMENT_TARGET = 15.0;
				MTL_ENABLE_DEBUG_INFO = INCLUDE_SOURCE;
				MTL_FAST_MATH = YES;
				ONLY_ACTIVE_ARCH = YES;
				SDKROOT = iphoneos;
				SWIFT_ACTIVE_COMPILATION_CONDITIONS = DEBUG;
				SWIFT_OPTIMIZATION_LEVEL = "-Onone";
			};
			name = Debug;
		};
		A25E9F8C273FB928007B8DD1 /* Release */ = {
			isa = XCBuildConfiguration;
			buildSettings = {
				ALWAYS_SEARCH_USER_PATHS = NO;
				CLANG_ANALYZER_NONNULL = YES;
				CLANG_ANALYZER_NUMBER_OBJECT_CONVERSION = YES_AGGRESSIVE;
				CLANG_CXX_LANGUAGE_STANDARD = "gnu++17";
				CLANG_CXX_LIBRARY = "libc++";
				CLANG_ENABLE_MODULES = YES;
				CLANG_ENABLE_OBJC_ARC = YES;
				CLANG_ENABLE_OBJC_WEAK = YES;
				CLANG_WARN_BLOCK_CAPTURE_AUTORELEASING = YES;
				CLANG_WARN_BOOL_CONVERSION = YES;
				CLANG_WARN_COMMA = YES;
				CLANG_WARN_CONSTANT_CONVERSION = YES;
				CLANG_WARN_DEPRECATED_OBJC_IMPLEMENTATIONS = YES;
				CLANG_WARN_DIRECT_OBJC_ISA_USAGE = YES_ERROR;
				CLANG_WARN_DOCUMENTATION_COMMENTS = YES;
				CLANG_WARN_EMPTY_BODY = YES;
				CLANG_WARN_ENUM_CONVERSION = YES;
				CLANG_WARN_INFINITE_RECURSION = YES;
				CLANG_WARN_INT_CONVERSION = YES;
				CLANG_WARN_NON_LITERAL_NULL_CONVERSION = YES;
				CLANG_WARN_OBJC_IMPLICIT_RETAIN_SELF = YES;
				CLANG_WARN_OBJC_LITERAL_CONVERSION = YES;
				CLANG_WARN_OBJC_ROOT_CLASS = YES_ERROR;
				CLANG_WARN_QUOTED_INCLUDE_IN_FRAMEWORK_HEADER = YES;
				CLANG_WARN_RANGE_LOOP_ANALYSIS = YES;
				CLANG_WARN_STRICT_PROTOTYPES = YES;
				CLANG_WARN_SUSPICIOUS_MOVE = YES;
				CLANG_WARN_UNGUARDED_AVAILABILITY = YES_AGGRESSIVE;
				CLANG_WARN_UNREACHABLE_CODE = YES;
				CLANG_WARN__DUPLICATE_METHOD_MATCH = YES;
				COPY_PHASE_STRIP = NO;
				DEBUG_INFORMATION_FORMAT = "dwarf-with-dsym";
				ENABLE_NS_ASSERTIONS = NO;
				ENABLE_STRICT_OBJC_MSGSEND = YES;
				GCC_C_LANGUAGE_STANDARD = gnu11;
				GCC_NO_COMMON_BLOCKS = YES;
				GCC_WARN_64_TO_32_BIT_CONVERSION = YES;
				GCC_WARN_ABOUT_RETURN_TYPE = YES_ERROR;
				GCC_WARN_UNDECLARED_SELECTOR = YES;
				GCC_WARN_UNINITIALIZED_AUTOS = YES_AGGRESSIVE;
				GCC_WARN_UNUSED_FUNCTION = YES;
				GCC_WARN_UNUSED_VARIABLE = YES;
				IPHONEOS_DEPLOYMENT_TARGET = 15.0;
				MTL_ENABLE_DEBUG_INFO = NO;
				MTL_FAST_MATH = YES;
				SDKROOT = iphoneos;
				SWIFT_COMPILATION_MODE = wholemodule;
				SWIFT_OPTIMIZATION_LEVEL = "-O";
				VALIDATE_PRODUCT = YES;
			};
			name = Release;
		};
		A25E9F8E273FB928007B8DD1 /* Debug */ = {
			isa = XCBuildConfiguration;
			buildSettings = {
				ASSETCATALOG_COMPILER_APPICON_NAME = AppIcon;
				ASSETCATALOG_COMPILER_GLOBAL_ACCENT_COLOR_NAME = AccentColor;
				CODE_SIGN_STYLE = Automatic;
				CURRENT_PROJECT_VERSION = 1;
				DEVELOPMENT_TEAM = JWPW4T8TXM;
				GENERATE_INFOPLIST_FILE = YES;
				INFOPLIST_FILE = WeekDayFinder/Info.plist;
				INFOPLIST_KEY_UIApplicationSupportsIndirectInputEvents = YES;
				INFOPLIST_KEY_UILaunchStoryboardName = LaunchScreen;
				INFOPLIST_KEY_UIMainStoryboardFile = Main;
				INFOPLIST_KEY_UISupportedInterfaceOrientations_iPad = "UIInterfaceOrientationPortrait UIInterfaceOrientationPortraitUpsideDown UIInterfaceOrientationLandscapeLeft UIInterfaceOrientationLandscapeRight";
				INFOPLIST_KEY_UISupportedInterfaceOrientations_iPhone = "UIInterfaceOrientationPortrait UIInterfaceOrientationLandscapeLeft UIInterfaceOrientationLandscapeRight";
				IPHONEOS_DEPLOYMENT_TARGET = 14.0;
				LD_RUNPATH_SEARCH_PATHS = (
					"$(inherited)",
					"@executable_path/Frameworks",
				);
				MARKETING_VERSION = 1.0.0;
				PRODUCT_BUNDLE_IDENTIFIER = com.accenture.WeekDayFinder;
				PRODUCT_NAME = "$(TARGET_NAME)";
				SWIFT_EMIT_LOC_STRINGS = YES;
				SWIFT_VERSION = 5.0;
				TARGETED_DEVICE_FAMILY = "1,2";
			};
			name = Debug;
		};
		A25E9F8F273FB928007B8DD1 /* Release */ = {
			isa = XCBuildConfiguration;
			buildSettings = {
				ASSETCATALOG_COMPILER_APPICON_NAME = AppIcon;
				ASSETCATALOG_COMPILER_GLOBAL_ACCENT_COLOR_NAME = AccentColor;
				CODE_SIGN_STYLE = Automatic;
				CURRENT_PROJECT_VERSION = 1;
				DEVELOPMENT_TEAM = JWPW4T8TXM;
				GENERATE_INFOPLIST_FILE = YES;
				INFOPLIST_FILE = WeekDayFinder/Info.plist;
				INFOPLIST_KEY_UIApplicationSupportsIndirectInputEvents = YES;
				INFOPLIST_KEY_UILaunchStoryboardName = LaunchScreen;
				INFOPLIST_KEY_UIMainStoryboardFile = Main;
				INFOPLIST_KEY_UISupportedInterfaceOrientations_iPad = "UIInterfaceOrientationPortrait UIInterfaceOrientationPortraitUpsideDown UIInterfaceOrientationLandscapeLeft UIInterfaceOrientationLandscapeRight";
				INFOPLIST_KEY_UISupportedInterfaceOrientations_iPhone = "UIInterfaceOrientationPortrait UIInterfaceOrientationLandscapeLeft UIInterfaceOrientationLandscapeRight";
				IPHONEOS_DEPLOYMENT_TARGET = 14.0;
				LD_RUNPATH_SEARCH_PATHS = (
					"$(inherited)",
					"@executable_path/Frameworks",
				);
				MARKETING_VERSION = 1.0.0;
				PRODUCT_BUNDLE_IDENTIFIER = com.accenture.WeekDayFinder;
				PRODUCT_NAME = "$(TARGET_NAME)";
				SWIFT_EMIT_LOC_STRINGS = YES;
				SWIFT_VERSION = 5.0;
				TARGETED_DEVICE_FAMILY = "1,2";
			};
			name = Release;
		};
/* End XCBuildConfiguration section */

/* Begin XCConfigurationList section */
		A25E9F74273FB924007B8DD1 /* Build configuration list for PBXProject "WeekDayFinder" */ = {
			isa = XCConfigurationList;
			buildConfigurations = (
				A25E9F8B273FB928007B8DD1 /* Debug */,
				A25E9F8C273FB928007B8DD1 /* Release */,
			);
			defaultConfigurationIsVisible = 0;
			defaultConfigurationName = Release;
		};
		A25E9F8D273FB928007B8DD1 /* Build configuration list for PBXNativeTarget "WeekDayFinder" */ = {
			isa = XCConfigurationList;
			buildConfigurations = (
				A25E9F8E273FB928007B8DD1 /* Debug */,
				A25E9F8F273FB928007B8DD1 /* Release */,
			);
			defaultConfigurationIsVisible = 0;
			defaultConfigurationName = Release;
		};
/* End XCConfigurationList section */
	};
	rootObject = A25E9F71273FB924007B8DD1 /* Project object */;
}
